
Microsoft Visual Studio Solution File, Format Version 12.00
Project("{FAE04EC0-301F-11D3-BF4B-00C04F79EFBC}") = "OliveNoteMaui", "OliveNoteMaui\OliveNoteMaui.csproj", "{912FCCDF-B27D-4D59-87E1-AF5E33260469}"
EndProject
Global
	GlobalSection(SolutionConfigurationPlatforms) = preSolution
		Debug|Any CPU = Debug|Any CPU
		Release|Any CPU = Release|Any CPU
	EndGlobalSection
	GlobalSection(ProjectConfigurationPlatforms) = postSolution
		{912FCCDF-B27D-4D59-87E1-AF5E33260469}.Debug|Any CPU.ActiveCfg = Debug|Any CPU
		{912FCCDF-B27D-4D59-87E1-AF5E33260469}.Debug|Any CPU.Build.0 = Debug|Any CPU
		{912FCCDF-B27D-4D59-87E1-AF5E33260469}.Release|Any CPU.ActiveCfg = Release|Any CPU
		{912FCCDF-B27D-4D59-87E1-AF5E33260469}.Release|Any CPU.Build.0 = Release|Any CPU
	EndGlobalSection
EndGlobal
